{
  "originHash" : "5dc1141fb7b07c039a86366a3ecb4560e9db23c7f6c3b546f53d3738682b7c8c",
  "pins" : [
    {
      "identity" : "utiq-ios-sdk",
      "kind" : "remoteSourceControl",
      "location" : "https://github.com/Utiq-tech/UTIQ-iOS-SDK",
      "state" : {
        "revision" : "b6ec7c04015c88fa6c55b2b42c23adf5c08de928",
        "version" : "0.1.55"
      }
    }
  ],
  "version" : 3
}
